// !$*UTF8*$!
{
	archiveVersion = 1;
	classes = {
	};
	objectVersion = 50;
	objects = {

/* Begin PBXBuildFile section */
		5038C6A82137B1640019C5C8 /* Meme.swift in Sources */ = {isa = PBXBuildFile; fileRef = 5038C6A72137B1640019C5C8 /* Meme.swift */; };
		5038C6AC2137CF1B0019C5C8 /* Media.xcassets in Resources */ = {isa = PBXBuildFile; fileRef = 5038C6AB2137CF1B0019C5C8 /* Media.xcassets */; };
		505D1A362138E89500B83936 /* SettingsViewController.swift in Sources */ = {isa = PBXBuildFile; fileRef = 505D1A352138E89500B83936 /* SettingsViewController.swift */; };
		505D1A382138FAAC00B83936 /* CustomTextField.swift in Sources */ = {isa = PBXBuildFile; fileRef = 505D1A372138FAAC00B83936 /* CustomTextField.swift */; };
		5078DF4B2135150200268D0A /* HomeViewController.swift in Sources */ = {isa = PBXBuildFile; fileRef = 5078DF4A2135150200268D0A /* HomeViewController.swift */; };
		509220BB2134F8F800766E30 /* AppDelegate.swift in Sources */ = {isa = PBXBuildFile; fileRef = 509220BA2134F8F800766E30 /* AppDelegate.swift */; };
		509220C02134F8F800766E30 /* Main.storyboard in Resources */ = {isa = PBXBuildFile; fileRef = 509220BE2134F8F800766E30 /* Main.storyboard */; };
		509220C52134F8FA00766E30 /* LaunchScreen.storyboard in Resources */ = {isa = PBXBuildFile; fileRef = 509220C32134F8FA00766E30 /* LaunchScreen.storyboard */; };
/* End PBXBuildFile section */

/* Begin PBXFileReference section */
		5038C6A72137B1640019C5C8 /* Meme.swift */ = {isa = PBXFileReference; lastKnownFileType = sourcecode.swift; path = Meme.swift; sourceTree = "<group>"; };
		5038C6AB2137CF1B0019C5C8 /* Media.xcassets */ = {isa = PBXFileReference; lastKnownFileType = folder.assetcatalog; path = Media.xcassets; sourceTree = "<group>"; };
		505D1A352138E89500B83936 /* SettingsViewController.swift */ = {isa = PBXFileReference; lastKnownFileType = sourcecode.swift; path = SettingsViewController.swift; sourceTree = "<group>"; };
		505D1A372138FAAC00B83936 /* CustomTextField.swift */ = {isa = PBXFileReference; lastKnownFileType = sourcecode.swift; path = CustomTextField.swift; sourceTree = "<group>"; };
		5078DF4A2135150200268D0A /* HomeViewController.swift */ = {isa = PBXFileReference; lastKnownFileType = sourcecode.swift; path = HomeViewController.swift; sourceTree = "<group>"; };
		509220B72134F8F800766E30 /* MemeMe v1.0 - Udacity.app */ = {isa = PBXFileReference; explicitFileType = wrapper.application; includeInIndex = 0; path = "MemeMe v1.0 - Udacity.app"; sourceTree = BUILT_PRODUCTS_DIR; };
		509220BA2134F8F800766E30 /* AppDelegate.swift */ = {isa = PBXFileReference; lastKnownFileType = sourcecode.swift; path = AppDelegate.swift; sourceTree = "<group>"; };
		509220BF2134F8F800766E30 /* Base */ = {isa = PBXFileReference; lastKnownFileType = file.storyboard; name = Base; path = Base.lproj/Main.storyboard; sourceTree = "<group>"; };
		509220C42134F8FA00766E30 /* Base */ = {isa = PBXFileReference; lastKnownFileType = file.storyboard; name = Base; path = Base.lproj/LaunchScreen.storyboard; sourceTree = "<group>"; };
		509220C62134F8FA00766E30 /* Info.plist */ = {isa = PBXFileReference; lastKnownFileType = text.plist.xml; path = Info.plist; sourceTree = "<group>"; };
/* End PBXFileReference section */

/* Begin PBXFrameworksBuildPhase section */
		509220B42134F8F800766E30 /* Frameworks */ = {
			isa = PBXFrameworksBuildPhase;
			buildActionMask = 2147483647;
			files = (
			);
			runOnlyForDeploymentPostprocessing = 0;
		};
/* End PBXFrameworksBuildPhase section */

/* Begin PBXGroup section */
		509220AE2134F8F800766E30 = {
			isa = PBXGroup;
			children = (
				509220B92134F8F800766E30 /* MemeMe v1.0 - Udacity */,
				509220B82134F8F800766E30 /* Products */,
			);
			sourceTree = "<group>";
		};
		509220B82134F8F800766E30 /* Products */ = {
			isa = PBXGroup;
			children = (
				509220B72134F8F800766E30 /* MemeMe v1.0 - Udacity.app */,
			);
			name = Products;
			sourceTree = "<group>";
		};
		509220B92134F8F800766E30 /* MemeMe v1.0 - Udacity */ = {
			isa = PBXGroup;
			children = (
				5078DF4A2135150200268D0A /* HomeViewController.swift */,
				505D1A352138E89500B83936 /* SettingsViewController.swift */,
				5038C6A72137B1640019C5C8 /* Meme.swift */,
				505D1A372138FAAC00B83936 /* CustomTextField.swift */,
				509220BE2134F8F800766E30 /* Main.storyboard */,
				509220C32134F8FA00766E30 /* LaunchScreen.storyboard */,
				509220C62134F8FA00766E30 /* Info.plist */,
				509220BA2134F8F800766E30 /* AppDelegate.swift */,
				5038C6AB2137CF1B0019C5C8 /* Media.xcassets */,
			);
			path = "MemeMe v1.0 - Udacity";
			sourceTree = "<group>";
		};
/* End PBXGroup section */

/* Begin PBXNativeTarget section */
		509220B62134F8F800766E30 /* MemeMe v1.0 - Udacity */ = {
			isa = PBXNativeTarget;
			buildConfigurationList = 509220C92134F8FA00766E30 /* Build configuration list for PBXNativeTarget "MemeMe v1.0 - Udacity" */;
			buildPhases = (
				509220B32134F8F800766E30 /* Sources */,
				509220B42134F8F800766E30 /* Frameworks */,
				509220B52134F8F800766E30 /* Resources */,
			);
			buildRules = (
			);
			dependencies = (
			);
			name = "MemeMe v1.0 - Udacity";
			productName = "MemeMe v1.0 - Udacity";
			productReference = 509220B72134F8F800766E30 /* MemeMe v1.0 - Udacity.app */;
			productType = "com.apple.product-type.application";
		};
/* End PBXNativeTarget section */

/* Begin PBXProject section */
		509220AF2134F8F800766E30 /* Project object */ = {
			isa = PBXProject;
			attributes = {
				LastSwiftUpdateCheck = 0940;
				LastUpgradeCheck = 0940;
				ORGANIZATIONNAME = "Vigneshraj Sekar Babu";
				TargetAttributes = {
					509220B62134F8F800766E30 = {
						CreatedOnToolsVersion = 9.4.1;
					};
				};
			};
			buildConfigurationList = 509220B22134F8F800766E30 /* Build configuration list for PBXProject "MemeMe v1.0 - Udacity" */;
			compatibilityVersion = "Xcode 9.3";
			developmentRegion = en;
			hasScannedForEncodings = 0;
			knownRegions = (
				en,
				Base,
			);
			mainGroup = 509220AE2134F8F800766E30;
			productRefGroup = 509220B82134F8F800766E30 /* Products */;
			projectDirPath = "";
			projectRoot = "";
			targets = (
				509220B62134F8F800766E30 /* MemeMe v1.0 - Udacity */,
			);
		};
/* End PBXProject section */

/* Begin PBXResourcesBuildPhase section */
		509220B52134F8F800766E30 /* Resources */ = {
			isa = PBXResourcesBuildPhase;
			buildActionMask = 2147483647;
			files = (
				509220C52134F8FA00766E30 /* LaunchScreen.storyboard in Resources */,
				5038C6AC2137CF1B0019C5C8 /* Media.xcassets in Resources */,
				509220C02134F8F800766E30 /* Main.storyboard in Resources */,
			);
			runOnlyForDeploymentPostprocessing = 0;
		};
/* End PBXResourcesBuildPhase section */

/* Begin PBXSourcesBuildPhase section */
		509220B32134F8F800766E30 /* Sources */ = {
			isa = PBXSourcesBuildPhase;
			buildActionMask = 2147483647;
			files = (
				5038C6A82137B1640019C5C8 /* Meme.swift in Sources */,
				509220BB2134F8F800766E30 /* AppDelegate.swift in Sources */,
				5078DF4B2135150200268D0A /* HomeViewController.swift in Sources */,
				505D1A362138E89500B83936 /* SettingsViewController.swift in Sources */,
				505D1A382138FAAC00B83936 /* CustomTextField.swift in Sources */,
			);
			runOnlyForDeploymentPostprocessing = 0;
		};
/* End PBXSourcesBuildPhase section */

/* Begin PBXVariantGroup section */
		509220BE2134F8F800766E30 /* Main.storyboard */ = {
			isa = PBXVariantGroup;
			children = (
				509220BF2134F8F800766E30 /* Base */,
			);
			name = Main.storyboard;
			sourceTree = "<group>";
		};
		509220C32134F8FA00766E30 /* LaunchScreen.storyboard */ = {
			isa = PBXVariantGroup;
			children = (
				509220C42134F8FA00766E30 /* Base */,
			);
			name = LaunchScreen.storyboard;
			sourceTree = "<group>";
		};
/* End PBXVariantGroup section */

/* Begin XCBuildConfiguration section */
		509220C72134F8FA00766E30 /* Debug */ = {
			isa = XCBuildConfiguration;
			buildSettings = {
				ALWAYS_SEARCH_USER_PATHS = NO;
				CLANG_ANALYZER_NONNULL = YES;
				CLANG_ANALYZER_NUMBER_OBJECT_CONVERSION = YES_AGGRESSIVE;
				CLANG_CXX_LANGUAGE_STANDARD = "gnu++14";
				CLANG_CXX_LIBRARY = "libc++";
				CLANG_ENABLE_MODULES = YES;
				CLANG_ENABLE_OBJC_ARC = YES;
				CLANG_ENABLE_OBJC_WEAK = YES;
				CLANG_WARN_BLOCK_CAPTURE_AUTORELEASING = YES;
				CLANG_WARN_BOOL_CONVERSION = YES;
				CLANG_WARN_COMMA = YES;
				CLANG_WARN_CONSTANT_CONVERSION = YES;
				CLANG_WARN_DEPRECATED_OBJC_IMPLEMENTATIONS = YES;
				CLANG_WARN_DIRECT_OBJC_ISA_USAGE = YES_ERROR;
				CLANG_WARN_DOCUMENTATION_COMMENTS = YES;
				CLANG_WARN_EMPTY_BODY = YES;
				CLANG_WARN_ENUM_CONVERSION = YES;
				CLANG_WARN_INFINITE_RECURSION = YES;
				CLANG_WARN_INT_CONVERSION = YES;
				CLANG_WARN_NON_LITERAL_NULL_CONVERSION = YES;
				CLANG_WARN_OBJC_IMPLICIT_RETAIN_SELF = YES;
				CLANG_WARN_OBJC_LITERAL_CONVERSION = YES;
				CLANG_WARN_OBJC_ROOT_CLASS = YES_ERROR;
				CLANG_WARN_RANGE_LOOP_ANALYSIS = YES;
				CLANG_WARN_STRICT_PROTOTYPES = YES;
				CLANG_WARN_SUSPICIOUS_MOVE = YES;
				CLANG_WARN_UNGUARDED_AVAILABILITY = YES_AGGRESSIVE;
				CLANG_WARN_UNREACHABLE_CODE = YES;
				CLANG_WARN__DUPLICATE_METHOD_MATCH = YES;
				CODE_SIGN_IDENTITY = "iPhone Developer";
				COPY_PHASE_STRIP = NO;
				DEBUG_INFORMATION_FORMAT = dwarf;
				ENABLE_STRICT_OBJC_MSGSEND = YES;
				ENABLE_TESTABILITY = YES;
				GCC_C_LANGUAGE_STANDARD = gnu11;
				GCC_DYNAMIC_NO_PIC = NO;
				GCC_NO_COMMON_BLOCKS = YES;
				GCC_OPTIMIZATION_LEVEL = 0;
				GCC_PREPROCESSOR_DEFINITIONS = (
					"DEBUG=1",
					"$(inherited)",
				);
				GCC_WARN_64_TO_32_BIT_CONVERSION = YES;
				GCC_WARN_ABOUT_RETURN_TYPE = YES_ERROR;
				GCC_WARN_UNDECLARED_SELECTOR = YES;
				GCC_WARN_UNINITIALIZED_AUTOS = YES_AGGRESSIVE;
				GCC_WARN_UNUSED_FUNCTION = YES;
				GCC_WARN_UNUSED_VARIABLE = YES;
				IPHONEOS_DEPLOYMENT_TARGET = 11.4;
				MTL_ENABLE_DEBUG_INFO = YES;
				ONLY_ACTIVE_ARCH = YES;
				SDKROOT = iphoneos;
				SWIFT_ACTIVE_COMPILATION_CONDITIONS = DEBUG;
				SWIFT_OPTIMIZATION_LEVEL = "-Onone";
			};
			name = Debug;
		};
		509220C82134F8FA00766E30 /* Release */ = {
			isa = XCBuildConfiguration;
			buildSettings = {
				ALWAYS_SEARCH_USER_PATHS = NO;
				CLANG_ANALYZER_NONNULL = YES;
				CLANG_ANALYZER_NUMBER_OBJECT_CONVERSION = YES_AGGRESSIVE;
				CLANG_CXX_LANGUAGE_STANDARD = "gnu++14";
				CLANG_CXX_LIBRARY = "libc++";
				CLANG_ENABLE_MODULES = YES;
				CLANG_ENABLE_OBJC_ARC = YES;
				CLANG_ENABLE_OBJC_WEAK = YES;
				CLANG_WARN_BLOCK_CAPTURE_AUTORELEASING = YES;
				CLANG_WARN_BOOL_CONVERSION = YES;
				CLANG_WARN_COMMA = YES;
				CLANG_WARN_CONSTANT_CONVERSION = YES;
				CLANG_WARN_DEPRECATED_OBJC_IMPLEMENTATIONS = YES;
				CLANG_WARN_DIRECT_OBJC_ISA_USAGE = YES_ERROR;
				CLANG_WARN_DOCUMENTATION_COMMENTS = YES;
				CLANG_WARN_EMPTY_BODY = YES;
				CLANG_WARN_ENUM_CONVERSION = YES;
				CLANG_WARN_INFINITE_RECURSION = YES;
				CLANG_WARN_INT_CONVERSION = YES;
				CLANG_WARN_NON_LITERAL_NULL_CONVERSION = YES;
				CLANG_WARN_OBJC_IMPLICIT_RETAIN_SELF = YES;
				CLANG_WARN_OBJC_LITERAL_CONVERSION = YES;
				CLANG_WARN_OBJC_ROOT_CLASS = YES_ERROR;
				CLANG_WARN_RANGE_LOOP_ANALYSIS = YES;
				CLANG_WARN_STRICT_PROTOTYPES = YES;
				CLANG_WARN_SUSPICIOUS_MOVE = YES;
				CLANG_WARN_UNGUARDED_AVAILABILITY = YES_AGGRESSIVE;
				CLANG_WARN_UNREACHABLE_CODE = YES;
				CLANG_WARN__DUPLICATE_METHOD_MATCH = YES;
				CODE_SIGN_IDENTITY = "iPhone Developer";
				COPY_PHASE_STRIP = NO;
				DEBUG_INFORMATION_FORMAT = "dwarf-with-dsym";
				ENABLE_NS_ASSERTIONS = NO;
				ENABLE_STRICT_OBJC_MSGSEND = YES;
				GCC_C_LANGUAGE_STANDARD = gnu11;
				GCC_NO_COMMON_BLOCKS = YES;
				GCC_WARN_64_TO_32_BIT_CONVERSION = YES;
				GCC_WARN_ABOUT_RETURN_TYPE = YES_ERROR;
				GCC_WARN_UNDECLARED_SELECTOR = YES;
				GCC_WARN_UNINITIALIZED_AUTOS = YES_AGGRESSIVE;
				GCC_WARN_UNUSED_FUNCTION = YES;
				GCC_WARN_UNUSED_VARIABLE = YES;
				IPHONEOS_DEPLOYMENT_TARGET = 11.4;
				MTL_ENABLE_DEBUG_INFO = NO;
				SDKROOT = iphoneos;
				SWIFT_COMPILATION_MODE = wholemodule;
				SWIFT_OPTIMIZATION_LEVEL = "-O";
				VALIDATE_PRODUCT = YES;
			};
			name = Release;
		};
		509220CA2134F8FA00766E30 /* Debug */ = {
			isa = XCBuildConfiguration;
			buildSettings = {
				ASSETCATALOG_COMPILER_APPICON_NAME = AppIcon;
				CODE_SIGN_STYLE = Automatic;
				DEVELOPMENT_TEAM = 9RL4386D4Z;
				INFOPLIST_FILE = "MemeMe v1.0 - Udacity/Info.plist";
				LD_RUNPATH_SEARCH_PATHS = (
					"$(inherited)",
					"@executable_path/Frameworks",
				);
				PRODUCT_BUNDLE_IDENTIFIER = "com.VigneshrajSekarBabu.MemeMe-v1-0---Udacity";
				PRODUCT_NAME = "$(TARGET_NAME)";
				SWIFT_VERSION = 4.0;
				TARGETED_DEVICE_FAMILY = "1,2";
			};
			name = Debug;
		};
		509220CB2134F8FA00766E30 /* Release */ = {
			isa = XCBuildConfiguration;
			buildSettings = {
				ASSETCATALOG_COMPILER_APPICON_NAME = AppIcon;
				CODE_SIGN_STYLE = Automatic;
				DEVELOPMENT_TEAM = 9RL4386D4Z;
				INFOPLIST_FILE = "MemeMe v1.0 - Udacity/Info.plist";
				LD_RUNPATH_SEARCH_PATHS = (
					"$(inherited)",
					"@executable_path/Frameworks",
				);
				PRODUCT_BUNDLE_IDENTIFIER = "com.VigneshrajSekarBabu.MemeMe-v1-0---Udacity";
				PRODUCT_NAME = "$(TARGET_NAME)";
				SWIFT_VERSION = 4.0;
				TARGETED_DEVICE_FAMILY = "1,2";
			};
			name = Release;
		};
/* End XCBuildConfiguration section */

/* Begin XCConfigurationList section */
		509220B22134F8F800766E30 /* Build configuration list for PBXProject "MemeMe v1.0 - Udacity" */ = {
			isa = XCConfigurationList;
			buildConfigurations = (
				509220C72134F8FA00766E30 /* Debug */,
				509220C82134F8FA00766E30 /* Release */,
			);
			defaultConfigurationIsVisible = 0;
			defaultConfigurationName = Release;
		};
		509220C92134F8FA00766E30 /* Build configuration list for PBXNativeTarget "MemeMe v1.0 - Udacity" */ = {
			isa = XCConfigurationList;
			buildConfigurations = (
				509220CA2134F8FA00766E30 /* Debug */,
				509220CB2134F8FA00766E30 /* Release */,
			);
			defaultConfigurationIsVisible = 0;
			defaultConfigurationName = Release;
		};
/* End XCConfigurationList section */
	};
	rootObject = 509220AF2134F8F800766E30 /* Project object */;
}
